
Microsoft Visual Studio Solution File, Format Version 12.00
# Visual Studio 14
VisualStudioVersion = 14.0.25420.1
MinimumVisualStudioVersion = 10.0.40219.1
Project("{FAE04EC0-301F-11D3-BF4B-00C04F79EFBC}") = "tokoton03", "tokoton03\tokoton03.csproj", "{EC73A5BF-EA20-48CC-B1BD-5F3892264392}"
EndProject
Global
	GlobalSection(SolutionConfigurationPlatforms) = preSolution
		Debug|Any CPU = Debug|Any CPU
		Release|Any CPU = Release|Any CPU
	EndGlobalSection
	GlobalSection(ProjectConfigurationPlatforms) = postSolution
		{EC73A5BF-EA20-48CC-B1BD-5F3892264392}.Debug|Any CPU.ActiveCfg = Debug|Any CPU
		{EC73A5BF-EA20-48CC-B1BD-5F3892264392}.Debug|Any CPU.Build.0 = Debug|Any CPU
		{EC73A5BF-EA20-48CC-B1BD-5F3892264392}.Release|Any CPU.ActiveCfg = Release|Any CPU
		{EC73A5BF-EA20-48CC-B1BD-5F3892264392}.Release|Any CPU.Build.0 = Release|Any CPU
	EndGlobalSection
	GlobalSection(SolutionProperties) = preSolution
		HideSolutionNode = FALSE
	EndGlobalSection
EndGlobal
